
Microsoft Visual Studio Solution File, Format Version 12.00
# Visual Studio Version 17
VisualStudioVersion = 17.14.36717.8 d17.14
MinimumVisualStudioVersion = 10.0.40219.1
Project("{FAE04EC0-301F-11D3-BF4B-00C04F79EFBC}") = "Arrays", "Arrays\Arrays.csproj", "{8725E1DE-E917-402D-B846-FB44D94F5558}"
EndProject
Global
	GlobalSection(SolutionConfigurationPlatforms) = preSolution
		Debug|Any CPU = Debug|Any CPU
		Release|Any CPU = Release|Any CPU
	EndGlobalSection
	GlobalSection(ProjectConfigurationPlatforms) = postSolution
		{8725E1DE-E917-402D-B846-FB44D94F5558}.Debug|Any CPU.ActiveCfg = Debug|Any CPU
		{8725E1DE-E917-402D-B846-FB44D94F5558}.Debug|Any CPU.Build.0 = Debug|Any CPU
		{8725E1DE-E917-402D-B846-FB44D94F5558}.Release|Any CPU.ActiveCfg = Release|Any CPU
		{8725E1DE-E917-402D-B846-FB44D94F5558}.Release|Any CPU.Build.0 = Release|Any CPU
	EndGlobalSection
	GlobalSection(SolutionProperties) = preSolution
		HideSolutionNode = FALSE
	EndGlobalSection
	GlobalSection(ExtensibilityGlobals) = postSolution
		SolutionGuid = {21A76FC3-E5CB-4D93-A307-1F040905265D}
	EndGlobalSection
EndGlobal
